# @generated by Move, please check-in and do not edit manually.

[move]
version = 2
manifest_digest = "ADFF002858C89AF6FAD22C312F6E223FC4A0E625081E6E4FF5FCE7897C1F39FF"
deps_digest = "F8BBB0CCB2491CA29A3DF03D6F92277A4F3574266507ACD77214D37ECA3F3082"
dependencies = [
  { name = "Sui" },
]

[[move.package]]
name = "MoveStdlib"
source = { git = "https://github.com/MystenLabs/sui.git", rev = "framework/testnet", subdir = "crates/sui-framework/packages/move-stdlib" }

[[move.package]]
name = "Sui"
source = { git = "https://github.com/MystenLabs/sui.git", rev = "framework/testnet", subdir = "crates/sui-framework/packages/sui-framework" }

dependencies = [
  { name = "MoveStdlib" },
]

[move.toolchain-version]
compiler-version = "1.33.0"
edition = "2024.beta"
flavor = "sui"

[env]

[env.testnet]
chain-id = "4c78adac"
original-published-id = "0xaf4ce64ef7dad2b25ae3dc27165e7f7d238d046206c9a4f78dceea4cce8bd462"
latest-published-id = "0xaf4ce64ef7dad2b25ae3dc27165e7f7d238d046206c9a4f78dceea4cce8bd462"
published-version = "1"
